
Microsoft Visual Studio Solution File, Format Version 12.00
# Visual Studio Version 17
VisualStudioVersion = 17.3.32825.248
MinimumVisualStudioVersion = 10.0.40219.1
Project("{8BC9CEB8-8B4A-11D0-8D11-00A0C91BC942}") = "Week 2", "Week 2.vcxproj", "{D3314EBC-13C4-45F0-83ED-F6402C968CC6}"
EndProject
Global
	GlobalSection(SolutionConfigurationPlatforms) = preSolution
		Debug|x64 = Debug|x64
		Debug|x86 = Debug|x86
		Release|x64 = Release|x64
		Release|x86 = Release|x86
	EndGlobalSection
	GlobalSection(ProjectConfigurationPlatforms) = postSolution
		{D3314EBC-13C4-45F0-83ED-F6402C968CC6}.Debug|x64.ActiveCfg = Debug|x64
		{D3314EBC-13C4-45F0-83ED-F6402C968CC6}.Debug|x64.Build.0 = Debug|x64
		{D3314EBC-13C4-45F0-83ED-F6402C968CC6}.Debug|x86.ActiveCfg = Debug|Win32
		{D3314EBC-13C4-45F0-83ED-F6402C968CC6}.Debug|x86.Build.0 = Debug|Win32
		{D3314EBC-13C4-45F0-83ED-F6402C968CC6}.Release|x64.ActiveCfg = Release|x64
		{D3314EBC-13C4-45F0-83ED-F6402C968CC6}.Release|x64.Build.0 = Release|x64
		{D3314EBC-13C4-45F0-83ED-F6402C968CC6}.Release|x86.ActiveCfg = Release|Win32
		{D3314EBC-13C4-45F0-83ED-F6402C968CC6}.Release|x86.Build.0 = Release|Win32
	EndGlobalSection
	GlobalSection(SolutionProperties) = preSolution
		HideSolutionNode = FALSE
	EndGlobalSection
	GlobalSection(ExtensibilityGlobals) = postSolution
		SolutionGuid = {6E403CB1-5152-4D9A-8314-0701D6B26CFD}
	EndGlobalSection
EndGlobal
